
Microsoft Visual Studio Solution File, Format Version 12.00
# Visual Studio Version 16
VisualStudioVersion = 16.0.29009.5
MinimumVisualStudioVersion = 10.0.40219.1
Project("{FAE04EC0-301F-11D3-BF4B-00C04F79EFBC}") = "Twitter_Account_Creator", "Twitter_Account_Creator.csproj", "{2261B193-88D6-4814-BDB7-2E5E6DD74872}"
EndProject
Global
	GlobalSection(SolutionConfigurationPlatforms) = preSolution
		Debug|Any CPU = Debug|Any CPU
		Release|Any CPU = Release|Any CPU
	EndGlobalSection
	GlobalSection(ProjectConfigurationPlatforms) = postSolution
		{2261B193-88D6-4814-BDB7-2E5E6DD74872}.Debug|Any CPU.ActiveCfg = Debug|Any CPU
		{2261B193-88D6-4814-BDB7-2E5E6DD74872}.Debug|Any CPU.Build.0 = Debug|Any CPU
		{2261B193-88D6-4814-BDB7-2E5E6DD74872}.Release|Any CPU.ActiveCfg = Release|Any CPU
		{2261B193-88D6-4814-BDB7-2E5E6DD74872}.Release|Any CPU.Build.0 = Release|Any CPU
	EndGlobalSection
	GlobalSection(SolutionProperties) = preSolution
		HideSolutionNode = FALSE
	EndGlobalSection
	GlobalSection(ExtensibilityGlobals) = postSolution
		SolutionGuid = {E4A5CA96-B2B1-4CDF-A59C-DAC682C98A2C}
	EndGlobalSection
EndGlobal
